
Microsoft Visual Studio Solution File, Format Version 12.00
# Visual Studio Version 16
VisualStudioVersion = 16.0.30717.126
MinimumVisualStudioVersion = 10.0.40219.1
Project("{FAE04EC0-301F-11D3-BF4B-00C04F79EFBC}") = "20112020", "20112020.csproj", "{7B84EB47-53AD-4C97-8D51-BC93B73BACE4}"
EndProject
Global
	GlobalSection(SolutionConfigurationPlatforms) = preSolution
		Debug|Any CPU = Debug|Any CPU
		Release|Any CPU = Release|Any CPU
	EndGlobalSection
	GlobalSection(ProjectConfigurationPlatforms) = postSolution
		{7B84EB47-53AD-4C97-8D51-BC93B73BACE4}.Debug|Any CPU.ActiveCfg = Debug|Any CPU
		{7B84EB47-53AD-4C97-8D51-BC93B73BACE4}.Debug|Any CPU.Build.0 = Debug|Any CPU
		{7B84EB47-53AD-4C97-8D51-BC93B73BACE4}.Release|Any CPU.ActiveCfg = Release|Any CPU
		{7B84EB47-53AD-4C97-8D51-BC93B73BACE4}.Release|Any CPU.Build.0 = Release|Any CPU
	EndGlobalSection
	GlobalSection(SolutionProperties) = preSolution
		HideSolutionNode = FALSE
	EndGlobalSection
	GlobalSection(ExtensibilityGlobals) = postSolution
		SolutionGuid = {6F060D58-F4E4-4CA9-9E7C-C1991E9D2C0A}
	EndGlobalSection
EndGlobal
